
Microsoft Visual Studio Solution File, Format Version 12.00
Project("{FAE04EC0-301F-11D3-BF4B-00C04F79EFBC}") = "OldFrogge", "OldFrogge\OldFrogge.csproj", "{A3F01F70-8BA1-49D4-BDAB-EBA3A9B90C4C}"
EndProject
Project("{FAE04EC0-301F-11D3-BF4B-00C04F79EFBC}") = "Frogge", "Frogge\Frogge.csproj", "{5256C1D2-16C2-4BF4-9769-FDF598F6A08D}"
EndProject
Global
	GlobalSection(SolutionConfigurationPlatforms) = preSolution
		Debug|Any CPU = Debug|Any CPU
		Release|Any CPU = Release|Any CPU
	EndGlobalSection
	GlobalSection(ProjectConfigurationPlatforms) = postSolution
		{A3F01F70-8BA1-49D4-BDAB-EBA3A9B90C4C}.Debug|Any CPU.ActiveCfg = Debug|Any CPU
		{A3F01F70-8BA1-49D4-BDAB-EBA3A9B90C4C}.Debug|Any CPU.Build.0 = Debug|Any CPU
		{A3F01F70-8BA1-49D4-BDAB-EBA3A9B90C4C}.Release|Any CPU.ActiveCfg = Release|Any CPU
		{A3F01F70-8BA1-49D4-BDAB-EBA3A9B90C4C}.Release|Any CPU.Build.0 = Release|Any CPU
		{5256C1D2-16C2-4BF4-9769-FDF598F6A08D}.Debug|Any CPU.ActiveCfg = Debug|Any CPU
		{5256C1D2-16C2-4BF4-9769-FDF598F6A08D}.Debug|Any CPU.Build.0 = Debug|Any CPU
		{5256C1D2-16C2-4BF4-9769-FDF598F6A08D}.Release|Any CPU.ActiveCfg = Release|Any CPU
		{5256C1D2-16C2-4BF4-9769-FDF598F6A08D}.Release|Any CPU.Build.0 = Release|Any CPU
	EndGlobalSection
EndGlobal
